<Solution>
  <Project Path="VideoGameCatalogue.API/VideoGameCatalogue.API.csproj" />
  <Project Path="VideoGameCatalogue.Core/VideoGameCatalogue.Core.csproj" />
  <Project Path="VideoGameCatalogue.Data/VideoGameCatalogue.Data.csproj" />
  <Project Path="VideoGameCatalogue.Services/VideoGameCatalogue.Services.csproj" />
  <Project Path="VideoGameCatalogue.Test/VideoGameCatalogue.Test.csproj" Id="ff561e58-ac04-49c6-8174-125a6718dc3f" />
</Solution>
